
Microsoft Visual Studio Solution File, Format Version 12.00
# Visual Studio Version 17
VisualStudioVersion = 17.3.32819.101
MinimumVisualStudioVersion = 10.0.40219.1
Project("{9A19103F-16F7-4668-BE54-9A1E7A4F7556}") = "API_Videoteca_Placas", "API_Videoteca_Placas.csproj", "{F0410E96-0ADB-439C-BB9D-4545A5E11A16}"
EndProject
Global
	GlobalSection(SolutionConfigurationPlatforms) = preSolution
		Debug|Any CPU = Debug|Any CPU
		Release|Any CPU = Release|Any CPU
	EndGlobalSection
	GlobalSection(ProjectConfigurationPlatforms) = postSolution
		{F0410E96-0ADB-439C-BB9D-4545A5E11A16}.Debug|Any CPU.ActiveCfg = Debug|Any CPU
		{F0410E96-0ADB-439C-BB9D-4545A5E11A16}.Debug|Any CPU.Build.0 = Debug|Any CPU
		{F0410E96-0ADB-439C-BB9D-4545A5E11A16}.Release|Any CPU.ActiveCfg = Release|Any CPU
		{F0410E96-0ADB-439C-BB9D-4545A5E11A16}.Release|Any CPU.Build.0 = Release|Any CPU
	EndGlobalSection
	GlobalSection(SolutionProperties) = preSolution
		HideSolutionNode = FALSE
	EndGlobalSection
	GlobalSection(ExtensibilityGlobals) = postSolution
		SolutionGuid = {F72DF603-A514-4C32-A355-BC7FE1060F58}
	EndGlobalSection
EndGlobal
